
Microsoft Visual Studio Solution File, Format Version 12.00
# Visual Studio Version 16
VisualStudioVersion = 16.0.31105.61
MinimumVisualStudioVersion = 10.0.40219.1
Project("{9A19103F-16F7-4668-BE54-9A1E7A4F7556}") = "Publisher", "Publisher\Publisher.csproj", "{2C788B22-C014-4419-B77A-629F41DF4B84}"
EndProject
Project("{9A19103F-16F7-4668-BE54-9A1E7A4F7556}") = "MessageContracts", "MessageContracts\MessageContracts.csproj", "{A53FA4A5-D708-4464-A213-0D1D7AD49A5A}"
EndProject
Project("{9A19103F-16F7-4668-BE54-9A1E7A4F7556}") = "FirstConsumer", "FirstConsumer\FirstConsumer.csproj", "{6D2A3620-B9F8-4F9B-A050-A0774FD71A42}"
EndProject
Project("{9A19103F-16F7-4668-BE54-9A1E7A4F7556}") = "SecondConsumer", "SecondConsumer\SecondConsumer.csproj", "{BBADCE43-1603-43EE-9D28-499C9270FD51}"
EndProject
Project("{2150E333-8FDC-42A3-9474-1A3956D46DE8}") = "src", "src", "{22088B99-4895-4816-8D7B-B502D2FBEEBE}"
EndProject
Project("{2150E333-8FDC-42A3-9474-1A3956D46DE8}") = "Pub", "Pub", "{9C9CF57A-F51C-45AD-97E9-E5FDB0F5666B}"
EndProject
Project("{2150E333-8FDC-42A3-9474-1A3956D46DE8}") = "Sub", "Sub", "{A9B831B9-FA65-40CC-B316-48E8CA223073}"
EndProject
Project("{2150E333-8FDC-42A3-9474-1A3956D46DE8}") = "Contracts", "Contracts", "{874F3BF7-0433-435D-B8B1-A553C40FF49B}"
EndProject
Project("{2150E333-8FDC-42A3-9474-1A3956D46DE8}") = "Data", "Data", "{1B83B255-A1DB-4552-A93D-244F711C348C}"
EndProject
Project("{9A19103F-16F7-4668-BE54-9A1E7A4F7556}") = "Data", "Data\Data.csproj", "{9AEAD9B9-0A15-471E-BA16-15C367698A04}"
EndProject
Project("{FAE04EC0-301F-11D3-BF4B-00C04F79EFBC}") = "ThirdConsumer", "ThirdConsumer\ThirdConsumer.csproj", "{06E0AFA5-2583-4E7A-9EF2-10A60D0CDA03}"
EndProject
Project("{2150E333-8FDC-42A3-9474-1A3956D46DE8}") = "SolutionItems", "SolutionItems", "{11AEC522-3261-494A-BCE1-19B3A3D3D730}"
	ProjectSection(SolutionItems) = preProject
		docker-compose.yml = docker-compose.yml
	EndProjectSection
EndProject
Global
	GlobalSection(SolutionConfigurationPlatforms) = preSolution
		Debug|Any CPU = Debug|Any CPU
		Release|Any CPU = Release|Any CPU
	EndGlobalSection
	GlobalSection(ProjectConfigurationPlatforms) = postSolution
		{2C788B22-C014-4419-B77A-629F41DF4B84}.Debug|Any CPU.ActiveCfg = Debug|Any CPU
		{2C788B22-C014-4419-B77A-629F41DF4B84}.Debug|Any CPU.Build.0 = Debug|Any CPU
		{2C788B22-C014-4419-B77A-629F41DF4B84}.Release|Any CPU.ActiveCfg = Release|Any CPU
		{2C788B22-C014-4419-B77A-629F41DF4B84}.Release|Any CPU.Build.0 = Release|Any CPU
		{A53FA4A5-D708-4464-A213-0D1D7AD49A5A}.Debug|Any CPU.ActiveCfg = Debug|Any CPU
		{A53FA4A5-D708-4464-A213-0D1D7AD49A5A}.Debug|Any CPU.Build.0 = Debug|Any CPU
		{A53FA4A5-D708-4464-A213-0D1D7AD49A5A}.Release|Any CPU.ActiveCfg = Release|Any CPU
		{A53FA4A5-D708-4464-A213-0D1D7AD49A5A}.Release|Any CPU.Build.0 = Release|Any CPU
		{6D2A3620-B9F8-4F9B-A050-A0774FD71A42}.Debug|Any CPU.ActiveCfg = Debug|Any CPU
		{6D2A3620-B9F8-4F9B-A050-A0774FD71A42}.Debug|Any CPU.Build.0 = Debug|Any CPU
		{6D2A3620-B9F8-4F9B-A050-A0774FD71A42}.Release|Any CPU.ActiveCfg = Release|Any CPU
		{6D2A3620-B9F8-4F9B-A050-A0774FD71A42}.Release|Any CPU.Build.0 = Release|Any CPU
		{BBADCE43-1603-43EE-9D28-499C9270FD51}.Debug|Any CPU.ActiveCfg = Debug|Any CPU
		{BBADCE43-1603-43EE-9D28-499C9270FD51}.Debug|Any CPU.Build.0 = Debug|Any CPU
		{BBADCE43-1603-43EE-9D28-499C9270FD51}.Release|Any CPU.ActiveCfg = Release|Any CPU
		{BBADCE43-1603-43EE-9D28-499C9270FD51}.Release|Any CPU.Build.0 = Release|Any CPU
		{9AEAD9B9-0A15-471E-BA16-15C367698A04}.Debug|Any CPU.ActiveCfg = Debug|Any CPU
		{9AEAD9B9-0A15-471E-BA16-15C367698A04}.Debug|Any CPU.Build.0 = Debug|Any CPU
		{9AEAD9B9-0A15-471E-BA16-15C367698A04}.Release|Any CPU.ActiveCfg = Release|Any CPU
		{9AEAD9B9-0A15-471E-BA16-15C367698A04}.Release|Any CPU.Build.0 = Release|Any CPU
		{06E0AFA5-2583-4E7A-9EF2-10A60D0CDA03}.Debug|Any CPU.ActiveCfg = Debug|Any CPU
		{06E0AFA5-2583-4E7A-9EF2-10A60D0CDA03}.Debug|Any CPU.Build.0 = Debug|Any CPU
		{06E0AFA5-2583-4E7A-9EF2-10A60D0CDA03}.Release|Any CPU.ActiveCfg = Release|Any CPU
		{06E0AFA5-2583-4E7A-9EF2-10A60D0CDA03}.Release|Any CPU.Build.0 = Release|Any CPU
	EndGlobalSection
	GlobalSection(SolutionProperties) = preSolution
		HideSolutionNode = FALSE
	EndGlobalSection
	GlobalSection(NestedProjects) = preSolution
		{2C788B22-C014-4419-B77A-629F41DF4B84} = {9C9CF57A-F51C-45AD-97E9-E5FDB0F5666B}
		{A53FA4A5-D708-4464-A213-0D1D7AD49A5A} = {874F3BF7-0433-435D-B8B1-A553C40FF49B}
		{6D2A3620-B9F8-4F9B-A050-A0774FD71A42} = {A9B831B9-FA65-40CC-B316-48E8CA223073}
		{BBADCE43-1603-43EE-9D28-499C9270FD51} = {A9B831B9-FA65-40CC-B316-48E8CA223073}
		{9C9CF57A-F51C-45AD-97E9-E5FDB0F5666B} = {22088B99-4895-4816-8D7B-B502D2FBEEBE}
		{A9B831B9-FA65-40CC-B316-48E8CA223073} = {22088B99-4895-4816-8D7B-B502D2FBEEBE}
		{874F3BF7-0433-435D-B8B1-A553C40FF49B} = {22088B99-4895-4816-8D7B-B502D2FBEEBE}
		{1B83B255-A1DB-4552-A93D-244F711C348C} = {22088B99-4895-4816-8D7B-B502D2FBEEBE}
		{9AEAD9B9-0A15-471E-BA16-15C367698A04} = {1B83B255-A1DB-4552-A93D-244F711C348C}
		{06E0AFA5-2583-4E7A-9EF2-10A60D0CDA03} = {A9B831B9-FA65-40CC-B316-48E8CA223073}
	EndGlobalSection
	GlobalSection(ExtensibilityGlobals) = postSolution
		SolutionGuid = {DDE9371F-6E26-47CF-8037-753A2600F45E}
	EndGlobalSection
EndGlobal
